
Microsoft Visual Studio Solution File, Format Version 12.00
# Visual Studio Version 16
VisualStudioVersion = 16.0.31205.134
MinimumVisualStudioVersion = 10.0.40219.1
Project("{FAE04EC0-301F-11D3-BF4B-00C04F79EFBC}") = "Clase-Teorica", "Clase-Teorica.csproj", "{F6897779-7AAF-4D3C-8A0F-E9AFCC5269C9}"
EndProject
Global
	GlobalSection(SolutionConfigurationPlatforms) = preSolution
		Debug|Any CPU = Debug|Any CPU
		Release|Any CPU = Release|Any CPU
	EndGlobalSection
	GlobalSection(ProjectConfigurationPlatforms) = postSolution
		{F6897779-7AAF-4D3C-8A0F-E9AFCC5269C9}.Debug|Any CPU.ActiveCfg = Debug|Any CPU
		{F6897779-7AAF-4D3C-8A0F-E9AFCC5269C9}.Debug|Any CPU.Build.0 = Debug|Any CPU
		{F6897779-7AAF-4D3C-8A0F-E9AFCC5269C9}.Release|Any CPU.ActiveCfg = Release|Any CPU
		{F6897779-7AAF-4D3C-8A0F-E9AFCC5269C9}.Release|Any CPU.Build.0 = Release|Any CPU
	EndGlobalSection
	GlobalSection(SolutionProperties) = preSolution
		HideSolutionNode = FALSE
	EndGlobalSection
	GlobalSection(ExtensibilityGlobals) = postSolution
		SolutionGuid = {8AAE4F21-0D59-487D-A9CB-5147C2B44EC1}
	EndGlobalSection
EndGlobal
